{
  "requires": true,
  "lockfileVersion": 1,
  "dependencies": {
    "bootstrap": {
      "version": "4.5.0",
      "resolved": "https://registry.npmjs.org/bootstrap/-/bootstrap-4.5.0.tgz",
      "integrity": "sha512-Z93QoXvodoVslA+PWNdk23Hze4RBYIkpb5h8I2HY2Tu2h7A0LpAgLcyrhrSUyo2/Oxm2l1fRZPs1e5hnxnliXA=="
    },
    "bower": {
      "version": "1.8.8",
      "resolved": "https://registry.npmjs.org/bower/-/bower-1.8.8.tgz",
      "integrity": "sha512-1SrJnXnkP9soITHptSO+ahx3QKp3cVzn8poI6ujqc5SeOkg5iqM1pK9H+DSc2OQ8SnO0jC/NG4Ur/UIwy7574A=="
    },
    "browser-sync": {
      "version": "2.23.6",
      "resolved": "https://registry.npmjs.org/browser-sync/-/browser-sync-2.23.6.tgz",
      "integrity": "sha1-7QchyS5bmMcbe/g5s5CSrJ8iBlA=",
      "dev": true
    },
    "chalk": {
      "version": "1.1.3",
      "resolved": "https://registry.npmjs.org/chalk/-/chalk-1.1.3.tgz",
      "integrity": "sha1-qBFcVeSnAv5NFQq9OHKCKn4J/Jg=",
      "dev": true
    },
    "cordova": {
      "version": "6.5.0",
      "resolved": "https://registry.npmjs.org/cordova/-/cordova-6.5.0.tgz",
      "integrity": "sha1-5uyBsX3VDBfEC0uHMw987Tj7C0c=",
      "dev": true
    },
    "del": {
      "version": "2.2.2",
      "resolved": "https://registry.npmjs.org/del/-/del-2.2.2.tgz",
      "integrity": "sha1-wSyYHQZ4RshLyvhiz/kw2Qf/0ag=",
      "dev": true
    },
    "elementtree": {
      "version": "0.1.7",
      "resolved": "https://registry.npmjs.org/elementtree/-/elementtree-0.1.7.tgz",
      "integrity": "sha1-mskb5uUvtuYkTE5UpKw+2K6OKcA=",
      "dev": true
    },
    "eslint": {
      "version": "3.19.0",
      "resolved": "https://registry.npmjs.org/eslint/-/eslint-3.19.0.tgz",
      "integrity": "sha1-yPxiAcf0DdCJQbh8CFdnOGpnmsw=",
      "dev": true,
      "dependencies": {
        "cli-width": {
          "version": "https://registry.npmjs.org/cli-width/-/cli-width-2.2.0.tgz",
          "integrity": "sha1-/xnt6Kml5XkyQUewwR8PvLq+1jk="
        },
        "glob": {
          "version": "https://registry.npmjs.org/glob/-/glob-7.1.2.tgz",
          "integrity": "sha1-wZyd+aAocC1nhhI4SmVSQExjbRU="
        },
        "inquirer": {
          "version": "https://registry.npmjs.org/inquirer/-/inquirer-0.12.0.tgz",
          "integrity": "sha1-HvK/1jUE3wvHV4X/+MLEHfEvB34="
        },
        "shelljs": {
          "version": "https://registry.npmjs.org/shelljs/-/shelljs-0.7.8.tgz",
          "integrity": "sha1-3svPh0sNHl+3LhSxZKloMEjprLM="
        },
        "strip-bom": {
          "version": "https://registry.npmjs.org/strip-bom/-/strip-bom-3.0.0.tgz",
          "integrity": "sha1-IzTBjpx1n3vdVv3vfprj1YjmjtM="
        }
      }
    },
    "gulp": {
      "version": "3.9.1",
      "resolved": "https://registry.npmjs.org/gulp/-/gulp-3.9.1.tgz",
      "integrity": "sha1-VxzkWSjdQK9lFPxAEYZgFsE4RbQ=",
      "dev": true,
      "dependencies": {
        "semver": {
          "version": "4.3.6",
          "resolved": "https://registry.npmjs.org/semver/-/semver-4.3.6.tgz",
          "integrity": "sha1-MAvG4OhjdPe6YQaLWx7NV/xlMto="
        }
      }
    },
    "gulp-angular-filesort": {
      "version": "1.2.1",
      "resolved": "https://registry.npmjs.org/gulp-angular-filesort/-/gulp-angular-filesort-1.2.1.tgz",
      "integrity": "sha512-KkB43Uof1JI7qVEBq5tAILoMbBrxSZyhOgirtVKvwXhXRspqfytR6tcGpdlxHAsQ3edLuyjpA3c6o5zhSAmbOA==",
      "dev": true,
      "dependencies": {
        "arr-diff": {
          "version": "4.0.0",
          "resolved": "https://registry.npmjs.org/arr-diff/-/arr-diff-4.0.0.tgz",
          "integrity": "sha1-1kYQdP6/7HHn4VI1dhoyml3HxSA="
        },
        "esprima": {
          "version": "2.7.3",
          "resolved": "https://registry.npmjs.org/esprima/-/esprima-2.7.3.tgz",
          "integrity": "sha1-luO3DVd59q1JzQMmc9HDEnZ7pYE="
        },
        "ng-dependencies": {
          "version": "0.8.1",
          "resolved": "https://registry.npmjs.org/ng-dependencies/-/ng-dependencies-0.8.1.tgz",
          "integrity": "sha1-GP1jMscC4PPjdKNv4e1FXGdSu2g="
        },
        "plugin-error": {
          "version": "1.0.1",
          "resolved": "https://registry.npmjs.org/plugin-error/-/plugin-error-1.0.1.tgz",
          "integrity": "sha512-L1zP0dk7vGweZME2i+EeakvUNqSrdiI3F91TwEoYiGrAfUXmVv6fJIq4g82PAXxNsWOp0J7ZqQy/3Szz0ajTxA=="
        },
        "toposort": {
          "version": "1.0.7",
          "resolved": "https://registry.npmjs.org/toposort/-/toposort-1.0.7.tgz",
          "integrity": "sha1-LmhELZ9k7HILjMieZEOsbKqVACk="
        }
      }
    },
    "gulp-autoprefixer": {
      "version": "3.1.1",
      "resolved": "https://registry.npmjs.org/gulp-autoprefixer/-/gulp-autoprefixer-3.1.1.tgz",
      "integrity": "sha1-dSMAUc0NFxND14O36bXREg7u+bA=",
      "dev": true
    },
    "gulp-changed": {
      "version": "2.0.0",
      "resolved": "https://registry.npmjs.org/gulp-changed/-/gulp-changed-2.0.0.tgz",
      "integrity": "sha1-c5bZWuqzXGvLy3UWn9fySicaATs=",
      "dev": true
    },
    "gulp-csso": {
      "version": "3.0.1",
      "resolved": "https://registry.npmjs.org/gulp-csso/-/gulp-csso-3.0.1.tgz",
      "integrity": "sha1-PBYDZEkeMvLs79XVMc93JPGvt/A=",
      "dev": true
    },
    "gulp-eslint": {
      "version": "3.0.1",
      "resolved": "https://registry.npmjs.org/gulp-eslint/-/gulp-eslint-3.0.1.tgz",
      "integrity": "sha1-BOV+PhjGl0JnwSz2hV3HF9SjE70=",
      "dev": true
    },
    "gulp-filter": {
      "version": "5.1.0",
      "resolved": "https://registry.npmjs.org/gulp-filter/-/gulp-filter-5.1.0.tgz",
      "integrity": "sha1-oF4Rr/sHz33PQafeHLe2OsN4PnM=",
      "dev": true
    },
    "gulp-htmlmin": {
      "version": "3.0.0",
      "resolved": "https://registry.npmjs.org/gulp-htmlmin/-/gulp-htmlmin-3.0.0.tgz",
      "integrity": "sha1-GeqAAtEjHWsfGKEtIPKmand3D7M=",
      "dev": true
    },
    "gulp-if": {
      "version": "2.0.2",
      "resolved": "https://registry.npmjs.org/gulp-if/-/gulp-if-2.0.2.tgz",
      "integrity": "sha1-pJe351cwBQQcqivIt92jyARE1ik=",
      "dev": true
    },
    "gulp-imagemin": {
      "version": "3.4.0",
      "resolved": "https://registry.npmjs.org/gulp-imagemin/-/gulp-imagemin-3.4.0.tgz",
      "integrity": "sha1-I6jUxRM/UKKnCKyofKSy1ut8RAM=",
      "dev": true,
      "dependencies": {
        "ansi-styles": {
          "version": "https://registry.npmjs.org/ansi-styles/-/ansi-styles-3.2.1.tgz",
          "integrity": "sha1-QfuyAkPlCxK+DwS43tvwdSDOhB0="
        },
        "chalk": {
          "version": "https://registry.npmjs.org/chalk/-/chalk-2.3.1.tgz",
          "integrity": "sha1-Uj/iZ4rsewToBBkJKS/osXBZt5Y="
        },
        "has-flag": {
          "version": "https://registry.npmjs.org/has-flag/-/has-flag-3.0.0.tgz",
          "integrity": "sha1-tdRU3CGZriJWmfNGfloH87lVuv0="
        },
        "supports-color": {
          "version": "https://registry.npmjs.org/supports-color/-/supports-color-5.3.0.tgz",
          "integrity": "sha1-WySsFduA+pJ89SJ6SjP9PEx2dsA="
        }
      }
    },
    "gulp-inject": {
      "version": "4.3.1",
      "resolved": "https://registry.npmjs.org/gulp-inject/-/gulp-inject-4.3.1.tgz",
      "integrity": "sha1-cWr42Ubg9AgJzpfhvu2cxoZ9cNc=",
      "dev": true
    },
    "gulp-jsonlint": {
      "version": "1.2.1",
      "resolved": "https://registry.npmjs.org/gulp-jsonlint/-/gulp-jsonlint-1.2.1.tgz",
      "integrity": "sha1-V2dse8dTgk7gw4VNSdCqyvv/s3g=",
      "dev": true
    },
    "gulp-load-plugins": {
      "version": "1.5.0",
      "resolved": "https://registry.npmjs.org/gulp-load-plugins/-/gulp-load-plugins-1.5.0.tgz",
      "integrity": "sha1-TEGffldk2aDjMGG6uWGPgbc9QXE=",
      "dev": true,
      "dependencies": {
        "detect-file": {
          "version": "https://registry.npmjs.org/detect-file/-/detect-file-0.1.0.tgz",
          "integrity": "sha1-STXe39lIhkjgBrASlWbpOGcR6mM="
        },
        "expand-tilde": {
          "version": "https://registry.npmjs.org/expand-tilde/-/expand-tilde-1.2.2.tgz",
          "integrity": "sha1-C4HrqJflo9MdHD0QL48BRB5VlEk="
        },
        "findup-sync": {
          "version": "https://registry.npmjs.org/findup-sync/-/findup-sync-0.4.3.tgz",
          "integrity": "sha1-QAQ5Kee8YK3wt/SCfExudaDeyhI="
        },
        "global-modules": {
          "version": "https://registry.npmjs.org/global-modules/-/global-modules-0.2.3.tgz",
          "integrity": "sha1-6lo77ULG1s6ZWk+KEmm12uIjgo0="
        },
        "global-prefix": {
          "version": "https://registry.npmjs.org/global-prefix/-/global-prefix-0.1.5.tgz",
          "integrity": "sha1-jTvGuNo8qBEqFg2NSW/wRiv+948="
        },
        "is-windows": {
          "version": "https://registry.npmjs.org/is-windows/-/is-windows-0.2.0.tgz",
          "integrity": "sha1-3hqm1j6indJIc3tp8f+LgALSEIw="
        },
        "resolve-dir": {
          "version": "https://registry.npmjs.org/resolve-dir/-/resolve-dir-0.1.1.tgz",
          "integrity": "sha1-shklmlYC+sXFxJatiUpujMQwJh4="
        }
      }
    },
    "gulp-natural-sort": {
      "version": "0.1.1",
      "resolved": "https://registry.npmjs.org/gulp-natural-sort/-/gulp-natural-sort-0.1.1.tgz",
      "integrity": "sha1-sRI5k7lPkhPijQ9N+wq2MeO4Kcg=",
      "dev": true
    },
    "gulp-ng-annotate": {
      "version": "2.1.0",
      "resolved": "https://registry.npmjs.org/gulp-ng-annotate/-/gulp-ng-annotate-2.1.0.tgz",
      "integrity": "sha1-UL0ge0QDu8jw79AbztssyMBKkos=",
      "dev": true
    },
    "gulp-plumber": {
      "version": "1.2.0",
      "resolved": "https://registry.npmjs.org/gulp-plumber/-/gulp-plumber-1.2.0.tgz",
      "integrity": "sha1-GOoDkSye5IP4pUmZc7WVTNkPatg=",
      "dev": true
    },
    "gulp-protractor": {
      "version": "4.1.0",
      "resolved": "https://registry.npmjs.org/gulp-protractor/-/gulp-protractor-4.1.0.tgz",
      "integrity": "sha1-vmWJ1KNao6Ta7NTO6P5GiroIqK0=",
      "dev": true,
      "dependencies": {
        "async": {
          "version": "https://registry.npmjs.org/async/-/async-2.6.0.tgz",
          "integrity": "sha1-YaKau2/MAm/qd+VtHG7FOnlZUfQ="
        }
      }
    },
    "gulp-rename": {
      "version": "1.2.2",
      "resolved": "https://registry.npmjs.org/gulp-rename/-/gulp-rename-1.2.2.tgz",
      "integrity": "sha1-OtRCh2PwXidk3sHGfYaNsnVoeBc=",
      "dev": true
    },
    "gulp-rev": {
      "version": "7.1.2",
      "resolved": "https://registry.npmjs.org/gulp-rev/-/gulp-rev-7.1.2.tgz",
      "integrity": "sha1-XhfMIp9rRcdCVviK0/LT6aMwWCk=",
      "dev": true
    },
    "gulp-rev-replace": {
      "version": "0.4.4",
      "resolved": "https://registry.npmjs.org/gulp-rev-replace/-/gulp-rev-replace-0.4.4.tgz",
      "integrity": "sha1-lpaFQTECS68mQBCx9R/4oTgquUo=",
      "dev": true
    },
    "gulp-sass": {
      "version": "3.1.0",
      "resolved": "https://registry.npmjs.org/gulp-sass/-/gulp-sass-3.1.0.tgz",
      "integrity": "sha1-U9xLaKH13f5EJKtMJHZVJpqLdLc=",
      "dev": true
    },
    "gulp-shell": {
      "version": "0.6.5",
      "resolved": "https://registry.npmjs.org/gulp-shell/-/gulp-shell-0.6.5.tgz",
      "integrity": "sha1-8HsgStitHCZZ96G21276FtQWp1k=",
      "dev": true,
      "dependencies": {
        "ansi-styles": {
          "version": "https://registry.npmjs.org/ansi-styles/-/ansi-styles-3.2.1.tgz",
          "integrity": "sha1-QfuyAkPlCxK+DwS43tvwdSDOhB0="
        },
        "async": {
          "version": "https://registry.npmjs.org/async/-/async-2.6.0.tgz",
          "integrity": "sha1-YaKau2/MAm/qd+VtHG7FOnlZUfQ="
        },
        "chalk": {
          "version": "https://registry.npmjs.org/chalk/-/chalk-2.3.1.tgz",
          "integrity": "sha1-Uj/iZ4rsewToBBkJKS/osXBZt5Y="
        },
        "has-flag": {
          "version": "https://registry.npmjs.org/has-flag/-/has-flag-3.0.0.tgz",
          "integrity": "sha1-tdRU3CGZriJWmfNGfloH87lVuv0="
        },
        "lodash.template": {
          "version": "https://registry.npmjs.org/lodash.template/-/lodash.template-4.4.0.tgz",
          "integrity": "sha1-5zoDhcg1VZF0bgILmWecaQ5o+6A="
        },
        "lodash.templatesettings": {
          "version": "https://registry.npmjs.org/lodash.templatesettings/-/lodash.templatesettings-4.1.0.tgz",
          "integrity": "sha1-K01OlbpEDZFf8IvImeRVNmZxMxY="
        },
        "supports-color": {
          "version": "https://registry.npmjs.org/supports-color/-/supports-color-5.3.0.tgz",
          "integrity": "sha1-WySsFduA+pJ89SJ6SjP9PEx2dsA="
        }
      }
    },
    "gulp-size": {
      "version": "2.1.0",
      "resolved": "https://registry.npmjs.org/gulp-size/-/gulp-size-2.1.0.tgz",
      "integrity": "sha1-HCtk8X+QcdWr2Z0VS3s0gfj7oSg=",
      "dev": true,
      "dependencies": {
        "pretty-bytes": {
          "version": "https://registry.npmjs.org/pretty-bytes/-/pretty-bytes-3.0.1.tgz",
          "integrity": "sha1-J9AAjXeAY6C0gRuzXHnxvV1fvM8="
        }
      }
    },
    "gulp-sourcemaps": {
      "version": "2.6.4",
      "resolved": "https://registry.npmjs.org/gulp-sourcemaps/-/gulp-sourcemaps-2.6.4.tgz",
      "integrity": "sha1-y7IAhFCxvM5s0jv5gze+dRv24wo=",
      "dev": true,
      "dependencies": {
        "acorn": {
          "version": "https://registry.npmjs.org/acorn/-/acorn-5.5.0.tgz",
          "integrity": "sha1-GrtYf78FH5Tj3iDmsm75ELGCgpg="
        },
        "source-map": {
          "version": "https://registry.npmjs.org/source-map/-/source-map-0.6.1.tgz",
          "integrity": "sha1-dHIq8y6WFOnCh6jQu95IteLxomM="
        }
      }
    },
    "gulp-uglify": {
      "version": "2.1.2",
      "resolved": "https://registry.npmjs.org/gulp-uglify/-/gulp-uglify-2.1.2.tgz",
      "integrity": "sha1-bbhbHQ7mPRgFhZK2WGSdZcLsRUE=",
      "dev": true,
      "dependencies": {
        "cliui": {
          "version": "https://registry.npmjs.org/cliui/-/cliui-2.1.0.tgz",
          "integrity": "sha1-S0dXYP+AJkx2LDoXGQMukcf+oNE="
        },
        "uglify-js": {
          "version": "https://registry.npmjs.org/uglify-js/-/uglify-js-2.8.29.tgz",
          "integrity": "sha1-KcVzMUgFe7Th913zW3qcty5qWd0="
        },
        "window-size": {
          "version": "https://registry.npmjs.org/window-size/-/window-size-0.1.0.tgz",
          "integrity": "sha1-VDjNLqk7IC76Ohn+iIeu58lPnJ0="
        },
        "wordwrap": {
          "version": "https://registry.npmjs.org/wordwrap/-/wordwrap-0.0.2.tgz",
          "integrity": "sha1-t5Zpu0LstAn4PVg8rVLKF+qhZD8="
        },
        "yargs": {
          "version": "https://registry.npmjs.org/yargs/-/yargs-3.10.0.tgz",
          "integrity": "sha1-9+572FfdfB0tOMDnTvvWgdFDH9E="
        }
      }
    },
    "gulp-useref": {
      "version": "3.1.4",
      "resolved": "https://registry.npmjs.org/gulp-useref/-/gulp-useref-3.1.4.tgz",
      "integrity": "sha1-NnjwC5b+0hFHAhub5D13om1tFOo=",
      "dev": true,
      "dependencies": {
        "clone": {
          "version": "https://registry.npmjs.org/clone/-/clone-2.1.1.tgz",
          "integrity": "sha1-0hfR6WERjjrJpLi7oyhVU79kfNs="
        },
        "clone-stats": {
          "version": "https://registry.npmjs.org/clone-stats/-/clone-stats-1.0.0.tgz",
          "integrity": "sha1-s3gt/4u1R04Yuba/D9/ngvh3doA="
        },
        "glob": {
          "version": "https://registry.npmjs.org/glob/-/glob-7.1.2.tgz",
          "integrity": "sha1-wZyd+aAocC1nhhI4SmVSQExjbRU="
        },
        "glob-parent": {
          "version": "https://registry.npmjs.org/glob-parent/-/glob-parent-3.1.0.tgz",
          "integrity": "sha1-nmr2KZ2NO9K9QEMIMr0RPfkGxa4="
        },
        "glob-stream": {
          "version": "https://registry.npmjs.org/glob-stream/-/glob-stream-6.1.0.tgz",
          "integrity": "sha1-cEXJlBOz65SIjYOrRtC0BMx73eQ="
        },
        "is-extglob": {
          "version": "https://registry.npmjs.org/is-extglob/-/is-extglob-2.1.1.tgz",
          "integrity": "sha1-qIwCU1eR8C7TfHahueqXc8gz+MI="
        },
        "is-glob": {
          "version": "https://registry.npmjs.org/is-glob/-/is-glob-3.1.0.tgz",
          "integrity": "sha1-e6WuJCF4BKxwcHuWkiVnSGzD6Eo="
        },
        "is-valid-glob": {
          "version": "https://registry.npmjs.org/is-valid-glob/-/is-valid-glob-1.0.0.tgz",
          "integrity": "sha1-Kb8+/3Ab4tTTFdusw5vDn+j2Aao="
        },
        "ordered-read-streams": {
          "version": "https://registry.npmjs.org/ordered-read-streams/-/ordered-read-streams-1.0.1.tgz",
          "integrity": "sha1-d8DLN8QVJdZBZtmQ/61+xqDhNj4="
        },
        "replace-ext": {
          "version": "https://registry.npmjs.org/replace-ext/-/replace-ext-1.0.0.tgz",
          "integrity": "sha1-3mMSg3P8v3w8z6TeWkgMRaZ5WOs="
        },
        "to-absolute-glob": {
          "version": "https://registry.npmjs.org/to-absolute-glob/-/to-absolute-glob-2.0.2.tgz",
          "integrity": "sha1-GGX0PZ50sIItufFFt4z/fQ98hJs="
        },
        "unique-stream": {
          "version": "https://registry.npmjs.org/unique-stream/-/unique-stream-2.2.1.tgz",
          "integrity": "sha1-WqADz76Uxf+GbE59ZouxxNuts2k="
        },
        "vinyl": {
          "version": "https://registry.npmjs.org/vinyl/-/vinyl-2.1.0.tgz",
          "integrity": "sha1-Ah+cLPlR1rk5lDyJ617lrdT9kkw="
        },
        "vinyl-fs": {
          "version": "https://registry.npmjs.org/vinyl-fs/-/vinyl-fs-3.0.2.tgz",
          "integrity": "sha1-G4YliEQ4P1dYH8qsCB/gnvbW11I="
        }
      }
    },
    "jasmine-spec-reporter": {
      "version": "3.3.0",
      "resolved": "https://registry.npmjs.org/jasmine-spec-reporter/-/jasmine-spec-reporter-3.3.0.tgz",
      "integrity": "sha1-xjw9Q7rP0W5tqGxG0mWVfgB18Uw=",
      "dev": true
    },
    "jquery": {
      "version": "3.5.1",
      "resolved": "https://registry.npmjs.org/jquery/-/jquery-3.5.1.tgz",
      "integrity": "sha512-XwIBPqcMn57FxfT+Go5pzySnm4KWkT1Tv7gjrpT1srtf8Weynl6R273VJ5GjkRb51IzMp5nbaPjJXMWeju2MKg=="
    },
    "karma": {
      "version": "1.7.1",
      "resolved": "https://registry.npmjs.org/karma/-/karma-1.7.1.tgz",
      "integrity": "sha1-hcwI6eCiLXzpzKN8ShvoJPaisa4=",
      "dev": true,
      "dependencies": {
        "accepts": {
          "version": "https://registry.npmjs.org/accepts/-/accepts-1.3.3.tgz",
          "integrity": "sha1-w8p0NJOGSMPg2cHjKN1otiLChMo="
        },
        "arraybuffer.slice": {
          "version": "https://registry.npmjs.org/arraybuffer.slice/-/arraybuffer.slice-0.0.6.tgz",
          "integrity": "sha1-8zshWfBTKj8xB6JywMz70a0peco="
        },
        "component-emitter": {
          "version": "https://registry.npmjs.org/component-emitter/-/component-emitter-1.1.2.tgz",
          "integrity": "sha1-KWWU8nU9qmOZbSrwjRWpURbJrsM="
        },
        "connect": {
          "version": "https://registry.npmjs.org/connect/-/connect-3.6.6.tgz",
          "integrity": "sha1-Ce/2xVr3I24TcTWnJXSFi2eG9SQ="
        },
        "engine.io": {
          "version": "https://registry.npmjs.org/engine.io/-/engine.io-1.8.3.tgz",
          "integrity": "sha1-jef5eJXSDTm4X4ju7nd7K9QrE9Q=",
          "dependencies": {
            "debug": {
              "version": "https://registry.npmjs.org/debug/-/debug-2.3.3.tgz",
              "integrity": "sha1-QMRT5n5uE8kB3ewxeviYbNqe/4w="
            }
          }
        },
        "engine.io-client": {
          "version": "https://registry.npmjs.org/engine.io-client/-/engine.io-client-1.8.3.tgz",
          "integrity": "sha1-F5jtk0USRkU9TG9jXXogH+lA1as=",
          "dependencies": {
            "component-emitter": {
              "version": "1.2.1",
              "resolved": "https://registry.npmjs.org/component-emitter/-/component-emitter-1.2.1.tgz",
              "integrity": "sha1-E3kY1teCg/ffemt8WmPhQOaUJeY="
            },
            "debug": {
              "version": "https://registry.npmjs.org/debug/-/debug-2.3.3.tgz",
              "integrity": "sha1-QMRT5n5uE8kB3ewxeviYbNqe/4w="
            }
          }
        },
        "engine.io-parser": {
          "version": "https://registry.npmjs.org/engine.io-parser/-/engine.io-parser-1.3.2.tgz",
          "integrity": "sha1-k3sHnwAH0Ik+xW1GyyILjLQ1Igo="
        },
        "finalhandler": {
          "version": "https://registry.npmjs.org/finalhandler/-/finalhandler-1.1.0.tgz",
          "integrity": "sha1-zgtoVbRYU+eRsvzGgARtiCU91/U="
        },
        "glob": {
          "version": "https://registry.npmjs.org/glob/-/glob-7.1.2.tgz",
          "integrity": "sha1-wZyd+aAocC1nhhI4SmVSQExjbRU="
        },
        "isarray": {
          "version": "https://registry.npmjs.org/isarray/-/isarray-0.0.1.tgz",
          "integrity": "sha1-ihis/Kmo9Bd+Cav8YDiTmwXR7t8="
        },
        "ms": {
          "version": "https://registry.npmjs.org/ms/-/ms-0.7.2.tgz",
          "integrity": "sha1-riXPJRKziFodldfwN4aNhDESR2U="
        },
        "object-assign": {
          "version": "https://registry.npmjs.org/object-assign/-/object-assign-4.1.0.tgz",
          "integrity": "sha1-ejs9DpgGPUP0wD8uiubNUahog6A="
        },
        "socket.io": {
          "version": "https://registry.npmjs.org/socket.io/-/socket.io-1.7.3.tgz",
          "integrity": "sha1-uK+cq6AJSeVo42nxMn6pvp6iRhs=",
          "dependencies": {
            "debug": {
              "version": "https://registry.npmjs.org/debug/-/debug-2.3.3.tgz",
              "integrity": "sha1-QMRT5n5uE8kB3ewxeviYbNqe/4w="
            }
          }
        },
        "socket.io-adapter": {
          "version": "https://registry.npmjs.org/socket.io-adapter/-/socket.io-adapter-0.5.0.tgz",
          "integrity": "sha1-y21LuL7IHhB4uZZ3+c7QBGBmu4s=",
          "dependencies": {
            "debug": {
              "version": "https://registry.npmjs.org/debug/-/debug-2.3.3.tgz",
              "integrity": "sha1-QMRT5n5uE8kB3ewxeviYbNqe/4w="
            }
          }
        },
        "socket.io-client": {
          "version": "https://registry.npmjs.org/socket.io-client/-/socket.io-client-1.7.3.tgz",
          "integrity": "sha1-sw6GqhDV7zVGYBwJzeR2Xjgdo3c=",
          "dependencies": {
            "component-emitter": {
              "version": "1.2.1",
              "resolved": "https://registry.npmjs.org/component-emitter/-/component-emitter-1.2.1.tgz",
              "integrity": "sha1-E3kY1teCg/ffemt8WmPhQOaUJeY="
            },
            "debug": {
              "version": "https://registry.npmjs.org/debug/-/debug-2.3.3.tgz",
              "integrity": "sha1-QMRT5n5uE8kB3ewxeviYbNqe/4w="
            }
          }
        },
        "socket.io-parser": {
          "version": "https://registry.npmjs.org/socket.io-parser/-/socket.io-parser-2.3.1.tgz",
          "integrity": "sha1-3VMgJRA85Clpcya+/WQAX8/ltKA=",
          "dependencies": {
            "debug": {
              "version": "https://registry.npmjs.org/debug/-/debug-2.2.0.tgz",
              "integrity": "sha1-+HBX6ZWxofauaklgZkE3vFbwOdo="
            },
            "ms": {
              "version": "https://registry.npmjs.org/ms/-/ms-0.7.1.tgz",
              "integrity": "sha1-nNE8A62/8ltl7/3nzoZO6VIBcJg="
            }
          }
        },
        "tmp": {
          "version": "https://registry.npmjs.org/tmp/-/tmp-0.0.31.tgz",
          "integrity": "sha1-jzirlDjhcxXl29izZX6L+yd65Kc="
        },
        "ultron": {
          "version": "https://registry.npmjs.org/ultron/-/ultron-1.0.2.tgz",
          "integrity": "sha1-rOEWq1V80Zc4ak6I9GhTeMiy5Po="
        },
        "utils-merge": {
          "version": "https://registry.npmjs.org/utils-merge/-/utils-merge-1.0.1.tgz",
          "integrity": "sha1-n5VxD1CiZ5R7LMwSR0HBAoQn5xM="
        },
        "ws": {
          "version": "https://registry.npmjs.org/ws/-/ws-1.1.2.tgz",
          "integrity": "sha1-iiRPoFJAHgjJiGz0SoUYnh/UBn8="
        },
        "xmlhttprequest-ssl": {
          "version": "https://registry.npmjs.org/xmlhttprequest-ssl/-/xmlhttprequest-ssl-1.5.3.tgz",
          "integrity": "sha1-GFqIjATspGw+QHDZn3tJ3jUomS0="
        }
      }
    },
    "karma-angular-filesort": {
      "version": "1.0.2",
      "resolved": "https://registry.npmjs.org/karma-angular-filesort/-/karma-angular-filesort-1.0.2.tgz",
      "integrity": "sha1-IW0UGrSM1ZKdeiLqgVd0yp7/tT8=",
      "dev": true,
      "dependencies": {
        "esprima": {
          "version": "https://registry.npmjs.org/esprima/-/esprima-2.7.3.tgz",
          "integrity": "sha1-luO3DVd59q1JzQMmc9HDEnZ7pYE="
        },
        "estraverse": {
          "version": "https://registry.npmjs.org/estraverse/-/estraverse-1.9.3.tgz",
          "integrity": "sha1-r2fy3JIlgkFZUJJgkaQAXSnJu0Q="
        },
        "ng-dependencies": {
          "version": "https://registry.npmjs.org/ng-dependencies/-/ng-dependencies-0.3.0.tgz",
          "integrity": "sha1-/2liqnez3f+bS7ZJb5ThbftsgSE="
        }
      }
    },
    "karma-jasmine": {
      "version": "1.1.1",
      "resolved": "https://registry.npmjs.org/karma-jasmine/-/karma-jasmine-1.1.1.tgz",
      "integrity": "sha1-b+hA51oRYAydkehLM8RY4cRqNSk=",
      "dev": true
    },
    "karma-ng-html2js-preprocessor": {
      "version": "1.0.0",
      "resolved": "https://registry.npmjs.org/karma-ng-html2js-preprocessor/-/karma-ng-html2js-preprocessor-1.0.0.tgz",
      "integrity": "sha1-ENjIz6pBNvHIp22RpMvO7evsSjE=",
      "dev": true
    },
    "karma-phantomjs-launcher": {
      "version": "1.0.4",
      "resolved": "https://registry.npmjs.org/karma-phantomjs-launcher/-/karma-phantomjs-launcher-1.0.4.tgz",
      "integrity": "sha1-0jyjSAG9qYY60xjju0vUBisTrNI=",
      "dev": true
    },
    "karma-spec-reporter": {
      "version": "0.0.31",
      "resolved": "https://registry.npmjs.org/karma-spec-reporter/-/karma-spec-reporter-0.0.31.tgz",
      "integrity": "sha1-SDDccUihVcfXoYbmMjOaDYD63sM=",
      "dev": true
    },
    "lodash": {
      "version": "4.17.21",
      "resolved": "https://registry.npmjs.org/lodash/-/lodash-4.17.21.tgz",
      "integrity": "sha512-v2kDEe57lecTulaDIuNTPy3Ry4gLGJ6Z1O3vE1krgXZNrsQ+LFTGHVxVjcXPs17LhbZVGedAJv8XZ1tvj5FvSg==",
      "dev": true
    },
    "main-bower-files": {
      "version": "2.13.1",
      "resolved": "https://registry.npmjs.org/main-bower-files/-/main-bower-files-2.13.1.tgz",
      "integrity": "sha1-fhvFxJg1LM7NXfCH8T1fMbwFfT4=",
      "dev": true,
      "dependencies": {
        "extend": {
          "version": "https://registry.npmjs.org/extend/-/extend-2.0.1.tgz",
          "integrity": "sha1-HugBBonnOV/5RIJByYZSvHWagmA="
        },
        "glob-parent": {
          "version": "https://registry.npmjs.org/glob-parent/-/glob-parent-3.1.0.tgz",
          "integrity": "sha1-nmr2KZ2NO9K9QEMIMr0RPfkGxa4="
        },
        "glob-stream": {
          "version": "https://registry.npmjs.org/glob-stream/-/glob-stream-5.3.5.tgz",
          "integrity": "sha1-pVZlqajM3EGRWofHAeMtTgFvrSI=",
          "dependencies": {
            "extend": {
              "version": "3.0.1",
              "resolved": "https://registry.npmjs.org/extend/-/extend-3.0.1.tgz",
              "integrity": "sha1-p1Xqe8Gt/MWjHOfnYtuq3F5jZEQ="
            },
            "readable-stream": {
              "version": "https://registry.npmjs.org/readable-stream/-/readable-stream-1.0.34.tgz",
              "integrity": "sha1-Elgg40vIQtLyqq+v5MKRbuMsFXw="
            },
            "through2": {
              "version": "https://registry.npmjs.org/through2/-/through2-0.6.5.tgz",
              "integrity": "sha1-QaucZ7KdVyCQcUEOHXp6lozTrUg="
            }
          }
        },
        "globby": {
          "version": "https://registry.npmjs.org/globby/-/globby-2.1.0.tgz",
          "integrity": "sha1-npGSvNM/Srak+JTl5+qLcTITxII="
        },
        "gulp-sourcemaps": {
          "version": "https://registry.npmjs.org/gulp-sourcemaps/-/gulp-sourcemaps-1.6.0.tgz",
          "integrity": "sha1-uG/zSdgBzrVuHZ59x7vLS33uYAw="
        },
        "is-extglob": {
          "version": "https://registry.npmjs.org/is-extglob/-/is-extglob-2.1.1.tgz",
          "integrity": "sha1-qIwCU1eR8C7TfHahueqXc8gz+MI="
        },
        "is-glob": {
          "version": "https://registry.npmjs.org/is-glob/-/is-glob-3.1.0.tgz",
          "integrity": "sha1-e6WuJCF4BKxwcHuWkiVnSGzD6Eo="
        },
        "isarray": {
          "version": "https://registry.npmjs.org/isarray/-/isarray-0.0.1.tgz",
          "integrity": "sha1-ihis/Kmo9Bd+Cav8YDiTmwXR7t8="
        },
        "object-assign": {
          "version": "https://registry.npmjs.org/object-assign/-/object-assign-3.0.0.tgz",
          "integrity": "sha1-m+3VygiXlJvKR+f/QIBi1Un1h/I="
        },
        "ordered-read-streams": {
          "version": "https://registry.npmjs.org/ordered-read-streams/-/ordered-read-streams-0.3.0.tgz",
          "integrity": "sha1-cTfmmzKYuzQiR6G77jiByA4v14s="
        },
        "path-exists": {
          "version": "https://registry.npmjs.org/path-exists/-/path-exists-1.0.0.tgz",
          "integrity": "sha1-1aiZjrce83p0w06w2eum6HjuoIE="
        },
        "string_decoder": {
          "version": "https://registry.npmjs.org/string_decoder/-/string_decoder-0.10.31.tgz",
          "integrity": "sha1-YuIDvEF2bGwoyfyEMB2rHFMQ+pQ="
        },
        "strip-json-comments": {
          "version": "https://registry.npmjs.org/strip-json-comments/-/strip-json-comments-1.0.4.tgz",
          "integrity": "sha1-HhX7ysl9Pumb8tc7TGVrCCu6+5E="
        },
        "unique-stream": {
          "version": "https://registry.npmjs.org/unique-stream/-/unique-stream-2.2.1.tgz",
          "integrity": "sha1-WqADz76Uxf+GbE59ZouxxNuts2k="
        },
        "vinyl": {
          "version": "https://registry.npmjs.org/vinyl/-/vinyl-1.2.0.tgz",
          "integrity": "sha1-XIgDbPVl5d8FVYv8kR+GVt8hiIQ="
        },
        "vinyl-fs": {
          "version": "https://registry.npmjs.org/vinyl-fs/-/vinyl-fs-2.4.4.tgz",
          "integrity": "sha1-vm/zJwy1Xf19MGNkDegfJddTIjk=",
          "dependencies": {
            "object-assign": {
              "version": "4.1.1",
              "resolved": "https://registry.npmjs.org/object-assign/-/object-assign-4.1.1.tgz",
              "integrity": "sha1-IQmtx5ZYh8/AXLvUQsrIv7s2CGM="
            }
          }
        }
      }
    },
    "minimist": {
      "version": "1.2.0",
      "resolved": "https://registry.npmjs.org/minimist/-/minimist-1.2.0.tgz",
      "integrity": "sha1-o1AIsg9BOD7sH7kU9M1d95omQoQ=",
      "dev": true
    },
    "phantomjs-prebuilt": {
      "version": "2.1.16",
      "resolved": "https://registry.npmjs.org/phantomjs-prebuilt/-/phantomjs-prebuilt-2.1.16.tgz",
      "integrity": "sha1-79ISpKOWbTZHaE6ouniFSb4q7+8=",
      "dev": true,
      "dependencies": {
        "es6-promise": {
          "version": "https://registry.npmjs.org/es6-promise/-/es6-promise-4.2.4.tgz",
          "integrity": "sha1-3EIhwrFlGHYL2MOaUtjzVvwA7Sk="
        },
        "fs-extra": {
          "version": "https://registry.npmjs.org/fs-extra/-/fs-extra-1.0.0.tgz",
          "integrity": "sha1-zTzl9+fLYUWIP8rjGR6Yd/hYeVA="
        },
        "jsonfile": {
          "version": "https://registry.npmjs.org/jsonfile/-/jsonfile-2.4.0.tgz",
          "integrity": "sha1-NzaitCi4e72gzIO1P6PWM6NcKug="
        }
      }
    },
    "plist": {
      "version": "git://github.com/akofman/plist.js.git#3f256fd21ab3ad3ada0f491cfc905098a2631342",
      "from": "plist@git://github.com/akofman/plist.js.git#3f256fd21ab3ad3ada0f491cfc905098a2631342",
      "dev": true,
      "dependencies": {
        "base64-js": {
          "version": "https://registry.npmjs.org/base64-js/-/base64-js-1.1.2.tgz",
          "integrity": "sha1-1kAMrBxMZgl22Q0HoENR2JOV9eg="
        },
        "xmlbuilder": {
          "version": "https://registry.npmjs.org/xmlbuilder/-/xmlbuilder-8.2.2.tgz",
          "integrity": "sha1-aSSGc0ELS6QuGmE2VR0pIjNap3M="
        }
      }
    },
    "popper.js": {
      "version": "1.16.1",
      "resolved": "https://registry.npmjs.org/popper.js/-/popper.js-1.16.1.tgz",
      "integrity": "sha512-Wb4p1J4zyFTbM+u6WuO4XstYx4Ky9Cewe4DWrel7B0w6VVICvPwdOpotjzcf6eD8TsckVnIMNONQyPIUFOUbCQ=="
    },
    "protractor": {
      "version": "5.3.0",
      "resolved": "https://registry.npmjs.org/protractor/-/protractor-5.3.0.tgz",
      "integrity": "sha1-XfmCAcva61CCavbQVjDvGUW/nDI=",
      "dev": true,
      "dependencies": {
        "adm-zip": {
          "version": "https://registry.npmjs.org/adm-zip/-/adm-zip-0.4.7.tgz",
          "integrity": "sha1-hgbCy/HEJs6MjsABdER/1Jtur8E="
        },
        "glob": {
          "version": "https://registry.npmjs.org/glob/-/glob-7.1.2.tgz",
          "integrity": "sha1-wZyd+aAocC1nhhI4SmVSQExjbRU="
        },
        "q": {
          "version": "https://registry.npmjs.org/q/-/q-1.4.1.tgz",
          "integrity": "sha1-VXBbzZPF82c1MMLCy8DCs63cKG4="
        },
        "webdriver-manager": {
          "version": "https://registry.npmjs.org/webdriver-manager/-/webdriver-manager-12.0.6.tgz",
          "integrity": "sha1-PfGkgZdwELTL+MnYXHpXeCjA5ws="
        }
      }
    },
    "proxy-middleware": {
      "version": "0.15.0",
      "resolved": "https://registry.npmjs.org/proxy-middleware/-/proxy-middleware-0.15.0.tgz",
      "integrity": "sha1-o/3xvvtzD5UZZYcqwvYHTGFHelY=",
      "dev": true
    },
    "require-dir": {
      "version": "0.3.2",
      "resolved": "https://registry.npmjs.org/require-dir/-/require-dir-0.3.2.tgz",
      "integrity": "sha1-wdXHXp+//eny5rM+OD209ZS1pqk=",
      "dev": true
    },
    "vinyl-paths": {
      "version": "2.1.0",
      "resolved": "https://registry.npmjs.org/vinyl-paths/-/vinyl-paths-2.1.0.tgz",
      "integrity": "sha1-AIIEN8ujgmLO+IAthA+T4zku5Es=",
      "dev": true
    },
    "wiredep": {
      "version": "4.0.0",
      "resolved": "https://registry.npmjs.org/wiredep/-/wiredep-4.0.0.tgz",
      "integrity": "sha1-7pVIqVBN/n6FQBpDXb7SybTqLkQ=",
      "dev": true,
      "dependencies": {
        "glob": {
          "version": "https://registry.npmjs.org/glob/-/glob-7.1.2.tgz",
          "integrity": "sha1-wZyd+aAocC1nhhI4SmVSQExjbRU="
        }
      }
    },
    "xml2js": {
      "version": "0.4.19",
      "resolved": "https://registry.npmjs.org/xml2js/-/xml2js-0.4.19.tgz",
      "integrity": "sha1-aGwg8hMgnpSr8NG88e+qKRx4J6c=",
      "dev": true,
      "dependencies": {
        "xmlbuilder": {
          "version": "https://registry.npmjs.org/xmlbuilder/-/xmlbuilder-9.0.7.tgz",
          "integrity": "sha1-Ey7mPS7FVlxVfiD0wi35rKaGsQ0="
        }
      }
    },
    "yeoman-test": {
      "version": "1.7.0",
      "resolved": "https://registry.npmjs.org/yeoman-test/-/yeoman-test-1.7.0.tgz",
      "integrity": "sha1-PtvuZFkfJZcCeltCsdwFglGtyf4=",
      "dev": true,
      "dependencies": {
        "ansi-escapes": {
          "version": "https://registry.npmjs.org/ansi-escapes/-/ansi-escapes-3.0.0.tgz",
          "integrity": "sha1-7D6LTp+AZPwCw6ybZfHCdb2o75I="
        },
        "ansi-regex": {
          "version": "https://registry.npmjs.org/ansi-regex/-/ansi-regex-3.0.0.tgz",
          "integrity": "sha1-7QMXwyIGT3lGbAKWa922Bas32Zg="
        },
        "ansi-styles": {
          "version": "https://registry.npmjs.org/ansi-styles/-/ansi-styles-3.2.1.tgz",
          "integrity": "sha1-QfuyAkPlCxK+DwS43tvwdSDOhB0="
        },
        "chalk": {
          "version": "https://registry.npmjs.org/chalk/-/chalk-2.3.1.tgz",
          "integrity": "sha1-Uj/iZ4rsewToBBkJKS/osXBZt5Y="
        },
        "cli-cursor": {
          "version": "https://registry.npmjs.org/cli-cursor/-/cli-cursor-2.1.0.tgz",
          "integrity": "sha1-s12sN2R5+sw+lHR9QdDQ9SOP/LU="
        },
        "cli-width": {
          "version": "https://registry.npmjs.org/cli-width/-/cli-width-2.2.0.tgz",
          "integrity": "sha1-/xnt6Kml5XkyQUewwR8PvLq+1jk="
        },
        "figures": {
          "version": "https://registry.npmjs.org/figures/-/figures-2.0.0.tgz",
          "integrity": "sha1-OrGi0qYsi/tDGgyUy3l6L84nyWI="
        },
        "has-flag": {
          "version": "https://registry.npmjs.org/has-flag/-/has-flag-3.0.0.tgz",
          "integrity": "sha1-tdRU3CGZriJWmfNGfloH87lVuv0="
        },
        "inquirer": {
          "version": "https://registry.npmjs.org/inquirer/-/inquirer-3.3.0.tgz",
          "integrity": "sha1-ndLyrXZdyrH/BEO0kUQqILoifck="
        },
        "is-fullwidth-code-point": {
          "version": "https://registry.npmjs.org/is-fullwidth-code-point/-/is-fullwidth-code-point-2.0.0.tgz",
          "integrity": "sha1-o7MKXE8ZkYMWeqq5O+764937ZU8="
        },
        "onetime": {
          "version": "https://registry.npmjs.org/onetime/-/onetime-2.0.1.tgz",
          "integrity": "sha1-BnQoIw/WdEOyeUsiu6UotoZ5YtQ="
        },
        "restore-cursor": {
          "version": "https://registry.npmjs.org/restore-cursor/-/restore-cursor-2.0.0.tgz",
          "integrity": "sha1-n37ih/gv0ybU/RYpI9YhKe7g368="
        },
        "run-async": {
          "version": "https://registry.npmjs.org/run-async/-/run-async-2.3.0.tgz",
          "integrity": "sha1-A3GrSuC91yDUFm19/aZP96RFpsA="
        },
        "rx-lite": {
          "version": "https://registry.npmjs.org/rx-lite/-/rx-lite-4.0.8.tgz",
          "integrity": "sha1-Cx4Rr4vESDbwSmQH6S2kJGe3lEQ="
        },
        "string-width": {
          "version": "https://registry.npmjs.org/string-width/-/string-width-2.1.1.tgz",
          "integrity": "sha1-q5Pyeo3BPSjKyBXEYhQ6bZASrp4="
        },
        "strip-ansi": {
          "version": "https://registry.npmjs.org/strip-ansi/-/strip-ansi-4.0.0.tgz",
          "integrity": "sha1-qEeQIusaw2iocTibY1JixQXuNo8="
        },
        "supports-color": {
          "version": "https://registry.npmjs.org/supports-color/-/supports-color-5.3.0.tgz",
          "integrity": "sha1-WySsFduA+pJ89SJ6SjP9PEx2dsA="
        }
      }
    }
  }
}
